// !$*UTF8*$!
{
	archiveVersion = 1;
	classes = {
	};
	objectVersion = 56;
	objects = {

/* Begin PBXBuildFile section */
		393C7DE02BF93BDB00FF09D3 /* IbanScannerApp.swift in Sources */ = {isa = PBXBuildFile; fileRef = 393C7DDF2BF93BDB00FF09D3 /* IbanScannerApp.swift */; };
		393C7DE22BF93BDB00FF09D3 /* AddBeneficiaryView.swift in Sources */ = {isa = PBXBuildFile; fileRef = 393C7DE12BF93BDB00FF09D3 /* AddBeneficiaryView.swift */; };
		393C7DE42BF93BDD00FF09D3 /* Assets.xcassets in Resources */ = {isa = PBXBuildFile; fileRef = 393C7DE32BF93BDD00FF09D3 /* Assets.xcassets */; };
		393C7DE72BF93BDD00FF09D3 /* Preview Assets.xcassets in Resources */ = {isa = PBXBuildFile; fileRef = 393C7DE62BF93BDD00FF09D3 /* Preview Assets.xcassets */; };
		393C7DF12BF93BDD00FF09D3 /* IbanScannerTests.swift in Sources */ = {isa = PBXBuildFile; fileRef = 393C7DF02BF93BDD00FF09D3 /* IbanScannerTests.swift */; };
		393C7DFB2BF93BDD00FF09D3 /* IbanScannerUITests.swift in Sources */ = {isa = PBXBuildFile; fileRef = 393C7DFA2BF93BDD00FF09D3 /* IbanScannerUITests.swift */; };
		393C7DFD2BF93BDD00FF09D3 /* IbanScannerUITestsLaunchTests.swift in Sources */ = {isa = PBXBuildFile; fileRef = 393C7DFC2BF93BDD00FF09D3 /* IbanScannerUITestsLaunchTests.swift */; };
/* End PBXBuildFile section */

/* Begin PBXContainerItemProxy section */
		393C7DED2BF93BDD00FF09D3 /* PBXContainerItemProxy */ = {
			isa = PBXContainerItemProxy;
			containerPortal = 393C7DD42BF93BDA00FF09D3 /* Project object */;
			proxyType = 1;
			remoteGlobalIDString = 393C7DDB2BF93BDA00FF09D3;
			remoteInfo = IbanScanner;
		};
		393C7DF72BF93BDD00FF09D3 /* PBXContainerItemProxy */ = {
			isa = PBXContainerItemProxy;
			containerPortal = 393C7DD42BF93BDA00FF09D3 /* Project object */;
			proxyType = 1;
			remoteGlobalIDString = 393C7DDB2BF93BDA00FF09D3;
			remoteInfo = IbanScanner;
		};
/* End PBXContainerItemProxy section */

/* Begin PBXFileReference section */
		393C7DDC2BF93BDA00FF09D3 /* IbanScanner.app */ = {isa = PBXFileReference; explicitFileType = wrapper.application; includeInIndex = 0; path = IbanScanner.app; sourceTree = BUILT_PRODUCTS_DIR; };
		393C7DDF2BF93BDB00FF09D3 /* IbanScannerApp.swift */ = {isa = PBXFileReference; lastKnownFileType = sourcecode.swift; path = IbanScannerApp.swift; sourceTree = "<group>"; };
		393C7DE12BF93BDB00FF09D3 /* AddBeneficiaryView.swift */ = {isa = PBXFileReference; lastKnownFileType = sourcecode.swift; path = AddBeneficiaryView.swift; sourceTree = "<group>"; };
		393C7DE32BF93BDD00FF09D3 /* Assets.xcassets */ = {isa = PBXFileReference; lastKnownFileType = folder.assetcatalog; path = Assets.xcassets; sourceTree = "<group>"; };
		393C7DE62BF93BDD00FF09D3 /* Preview Assets.xcassets */ = {isa = PBXFileReference; lastKnownFileType = folder.assetcatalog; path = "Preview Assets.xcassets"; sourceTree = "<group>"; };
		393C7DEC2BF93BDD00FF09D3 /* IbanScannerTests.xctest */ = {isa = PBXFileReference; explicitFileType = wrapper.cfbundle; includeInIndex = 0; path = IbanScannerTests.xctest; sourceTree = BUILT_PRODUCTS_DIR; };
		393C7DF02BF93BDD00FF09D3 /* IbanScannerTests.swift */ = {isa = PBXFileReference; lastKnownFileType = sourcecode.swift; path = IbanScannerTests.swift; sourceTree = "<group>"; };
		393C7DF62BF93BDD00FF09D3 /* IbanScannerUITests.xctest */ = {isa = PBXFileReference; explicitFileType = wrapper.cfbundle; includeInIndex = 0; path = IbanScannerUITests.xctest; sourceTree = BUILT_PRODUCTS_DIR; };
		393C7DFA2BF93BDD00FF09D3 /* IbanScannerUITests.swift */ = {isa = PBXFileReference; lastKnownFileType = sourcecode.swift; path = IbanScannerUITests.swift; sourceTree = "<group>"; };
		393C7DFC2BF93BDD00FF09D3 /* IbanScannerUITestsLaunchTests.swift */ = {isa = PBXFileReference; lastKnownFileType = sourcecode.swift; path = IbanScannerUITestsLaunchTests.swift; sourceTree = "<group>"; };
/* End PBXFileReference section */

/* Begin PBXFrameworksBuildPhase section */
		393C7DD92BF93BDA00FF09D3 /* Frameworks */ = {
			isa = PBXFrameworksBuildPhase;
			buildActionMask = 2147483647;
			files = (
			);
			runOnlyForDeploymentPostprocessing = 0;
		};
		393C7DE92BF93BDD00FF09D3 /* Frameworks */ = {
			isa = PBXFrameworksBuildPhase;
			buildActionMask = 2147483647;
			files = (
			);
			runOnlyForDeploymentPostprocessing = 0;
		};
		393C7DF32BF93BDD00FF09D3 /* Frameworks */ = {
			isa = PBXFrameworksBuildPhase;
			buildActionMask = 2147483647;
			files = (
			);
			runOnlyForDeploymentPostprocessing = 0;
		};
/* End PBXFrameworksBuildPhase section */

/* Begin PBXGroup section */
		393C7DD32BF93BDA00FF09D3 = {
			isa = PBXGroup;
			children = (
				393C7DDE2BF93BDB00FF09D3 /* IbanScanner */,
				393C7DEF2BF93BDD00FF09D3 /* IbanScannerTests */,
				393C7DF92BF93BDD00FF09D3 /* IbanScannerUITests */,
				393C7DDD2BF93BDA00FF09D3 /* Products */,
			);
			sourceTree = "<group>";
		};
		393C7DDD2BF93BDA00FF09D3 /* Products */ = {
			isa = PBXGroup;
			children = (
				393C7DDC2BF93BDA00FF09D3 /* IbanScanner.app */,
				393C7DEC2BF93BDD00FF09D3 /* IbanScannerTests.xctest */,
				393C7DF62BF93BDD00FF09D3 /* IbanScannerUITests.xctest */,
			);
			name = Products;
			sourceTree = "<group>";
		};
		393C7DDE2BF93BDB00FF09D3 /* IbanScanner */ = {
			isa = PBXGroup;
			children = (
				393C7DDF2BF93BDB00FF09D3 /* IbanScannerApp.swift */,
				393C7DE12BF93BDB00FF09D3 /* AddBeneficiaryView.swift */,
				393C7DE32BF93BDD00FF09D3 /* Assets.xcassets */,
				393C7DE52BF93BDD00FF09D3 /* Preview Content */,
			);
			path = IbanScanner;
			sourceTree = "<group>";
		};
		393C7DE52BF93BDD00FF09D3 /* Preview Content */ = {
			isa = PBXGroup;
			children = (
				393C7DE62BF93BDD00FF09D3 /* Preview Assets.xcassets */,
			);
			path = "Preview Content";
			sourceTree = "<group>";
		};
		393C7DEF2BF93BDD00FF09D3 /* IbanScannerTests */ = {
			isa = PBXGroup;
			children = (
				393C7DF02BF93BDD00FF09D3 /* IbanScannerTests.swift */,
			);
			path = IbanScannerTests;
			sourceTree = "<group>";
		};
		393C7DF92BF93BDD00FF09D3 /* IbanScannerUITests */ = {
			isa = PBXGroup;
			children = (
				393C7DFA2BF93BDD00FF09D3 /* IbanScannerUITests.swift */,
				393C7DFC2BF93BDD00FF09D3 /* IbanScannerUITestsLaunchTests.swift */,
			);
			path = IbanScannerUITests;
			sourceTree = "<group>";
		};
/* End PBXGroup section */

/* Begin PBXNativeTarget section */
		393C7DDB2BF93BDA00FF09D3 /* IbanScanner */ = {
			isa = PBXNativeTarget;
			buildConfigurationList = 393C7E002BF93BDD00FF09D3 /* Build configuration list for PBXNativeTarget "IbanScanner" */;
			buildPhases = (
				393C7DD82BF93BDA00FF09D3 /* Sources */,
				393C7DD92BF93BDA00FF09D3 /* Frameworks */,
				393C7DDA2BF93BDA00FF09D3 /* Resources */,
			);
			buildRules = (
			);
			dependencies = (
			);
			name = IbanScanner;
			productName = IbanScanner;
			productReference = 393C7DDC2BF93BDA00FF09D3 /* IbanScanner.app */;
			productType = "com.apple.product-type.application";
		};
		393C7DEB2BF93BDD00FF09D3 /* IbanScannerTests */ = {
			isa = PBXNativeTarget;
			buildConfigurationList = 393C7E032BF93BDD00FF09D3 /* Build configuration list for PBXNativeTarget "IbanScannerTests" */;
			buildPhases = (
				393C7DE82BF93BDD00FF09D3 /* Sources */,
				393C7DE92BF93BDD00FF09D3 /* Frameworks */,
				393C7DEA2BF93BDD00FF09D3 /* Resources */,
			);
			buildRules = (
			);
			dependencies = (
				393C7DEE2BF93BDD00FF09D3 /* PBXTargetDependency */,
			);
			name = IbanScannerTests;
			productName = IbanScannerTests;
			productReference = 393C7DEC2BF93BDD00FF09D3 /* IbanScannerTests.xctest */;
			productType = "com.apple.product-type.bundle.unit-test";
		};
		393C7DF52BF93BDD00FF09D3 /* IbanScannerUITests */ = {
			isa = PBXNativeTarget;
			buildConfigurationList = 393C7E062BF93BDD00FF09D3 /* Build configuration list for PBXNativeTarget "IbanScannerUITests" */;
			buildPhases = (
				393C7DF22BF93BDD00FF09D3 /* Sources */,
				393C7DF32BF93BDD00FF09D3 /* Frameworks */,
				393C7DF42BF93BDD00FF09D3 /* Resources */,
			);
			buildRules = (
			);
			dependencies = (
				393C7DF82BF93BDD00FF09D3 /* PBXTargetDependency */,
			);
			name = IbanScannerUITests;
			productName = IbanScannerUITests;
			productReference = 393C7DF62BF93BDD00FF09D3 /* IbanScannerUITests.xctest */;
			productType = "com.apple.product-type.bundle.ui-testing";
		};
/* End PBXNativeTarget section */

/* Begin PBXProject section */
		393C7DD42BF93BDA00FF09D3 /* Project object */ = {
			isa = PBXProject;
			attributes = {
				BuildIndependentTargetsInParallel = 1;
				LastSwiftUpdateCheck = 1540;
				LastUpgradeCheck = 1540;
				TargetAttributes = {
					393C7DDB2BF93BDA00FF09D3 = {
						CreatedOnToolsVersion = 15.4;
					};
					393C7DEB2BF93BDD00FF09D3 = {
						CreatedOnToolsVersion = 15.4;
						TestTargetID = 393C7DDB2BF93BDA00FF09D3;
					};
					393C7DF52BF93BDD00FF09D3 = {
						CreatedOnToolsVersion = 15.4;
						TestTargetID = 393C7DDB2BF93BDA00FF09D3;
					};
				};
			};
			buildConfigurationList = 393C7DD72BF93BDA00FF09D3 /* Build configuration list for PBXProject "IbanScanner" */;
			compatibilityVersion = "Xcode 14.0";
			developmentRegion = en;
			hasScannedForEncodings = 0;
			knownRegions = (
				en,
				Base,
			);
			mainGroup = 393C7DD32BF93BDA00FF09D3;
			productRefGroup = 393C7DDD2BF93BDA00FF09D3 /* Products */;
			projectDirPath = "";
			projectRoot = "";
			targets = (
				393C7DDB2BF93BDA00FF09D3 /* IbanScanner */,
				393C7DEB2BF93BDD00FF09D3 /* IbanScannerTests */,
				393C7DF52BF93BDD00FF09D3 /* IbanScannerUITests */,
			);
		};
/* End PBXProject section */

/* Begin PBXResourcesBuildPhase section */
		393C7DDA2BF93BDA00FF09D3 /* Resources */ = {
			isa = PBXResourcesBuildPhase;
			buildActionMask = 2147483647;
			files = (
				393C7DE72BF93BDD00FF09D3 /* Preview Assets.xcassets in Resources */,
				393C7DE42BF93BDD00FF09D3 /* Assets.xcassets in Resources */,
			);
			runOnlyForDeploymentPostprocessing = 0;
		};
		393C7DEA2BF93BDD00FF09D3 /* Resources */ = {
			isa = PBXResourcesBuildPhase;
			buildActionMask = 2147483647;
			files = (
			);
			runOnlyForDeploymentPostprocessing = 0;
		};
		393C7DF42BF93BDD00FF09D3 /* Resources */ = {
			isa = PBXResourcesBuildPhase;
			buildActionMask = 2147483647;
			files = (
			);
			runOnlyForDeploymentPostprocessing = 0;
		};
/* End PBXResourcesBuildPhase section */

/* Begin PBXSourcesBuildPhase section */
		393C7DD82BF93BDA00FF09D3 /* Sources */ = {
			isa = PBXSourcesBuildPhase;
			buildActionMask = 2147483647;
			files = (
				393C7DE22BF93BDB00FF09D3 /* AddBeneficiaryView.swift in Sources */,
				393C7DE02BF93BDB00FF09D3 /* IbanScannerApp.swift in Sources */,
			);
			runOnlyForDeploymentPostprocessing = 0;
		};
		393C7DE82BF93BDD00FF09D3 /* Sources */ = {
			isa = PBXSourcesBuildPhase;
			buildActionMask = 2147483647;
			files = (
				393C7DF12BF93BDD00FF09D3 /* IbanScannerTests.swift in Sources */,
			);
			runOnlyForDeploymentPostprocessing = 0;
		};
		393C7DF22BF93BDD00FF09D3 /* Sources */ = {
			isa = PBXSourcesBuildPhase;
			buildActionMask = 2147483647;
			files = (
				393C7DFB2BF93BDD00FF09D3 /* IbanScannerUITests.swift in Sources */,
				393C7DFD2BF93BDD00FF09D3 /* IbanScannerUITestsLaunchTests.swift in Sources */,
			);
			runOnlyForDeploymentPostprocessing = 0;
		};
/* End PBXSourcesBuildPhase section */

/* Begin PBXTargetDependency section */
		393C7DEE2BF93BDD00FF09D3 /* PBXTargetDependency */ = {
			isa = PBXTargetDependency;
			target = 393C7DDB2BF93BDA00FF09D3 /* IbanScanner */;
			targetProxy = 393C7DED2BF93BDD00FF09D3 /* PBXContainerItemProxy */;
		};
		393C7DF82BF93BDD00FF09D3 /* PBXTargetDependency */ = {
			isa = PBXTargetDependency;
			target = 393C7DDB2BF93BDA00FF09D3 /* IbanScanner */;
			targetProxy = 393C7DF72BF93BDD00FF09D3 /* PBXContainerItemProxy */;
		};
/* End PBXTargetDependency section */

/* Begin XCBuildConfiguration section */
		393C7DFE2BF93BDD00FF09D3 /* Debug */ = {
			isa = XCBuildConfiguration;
			buildSettings = {
				ALWAYS_SEARCH_USER_PATHS = NO;
				ASSETCATALOG_COMPILER_GENERATE_SWIFT_ASSET_SYMBOL_EXTENSIONS = YES;
				CLANG_ANALYZER_NONNULL = YES;
				CLANG_ANALYZER_NUMBER_OBJECT_CONVERSION = YES_AGGRESSIVE;
				CLANG_CXX_LANGUAGE_STANDARD = "gnu++20";
				CLANG_ENABLE_MODULES = YES;
				CLANG_ENABLE_OBJC_ARC = YES;
				CLANG_ENABLE_OBJC_WEAK = YES;
				CLANG_WARN_BLOCK_CAPTURE_AUTORELEASING = YES;
				CLANG_WARN_BOOL_CONVERSION = YES;
				CLANG_WARN_COMMA = YES;
				CLANG_WARN_CONSTANT_CONVERSION = YES;
				CLANG_WARN_DEPRECATED_OBJC_IMPLEMENTATIONS = YES;
				CLANG_WARN_DIRECT_OBJC_ISA_USAGE = YES_ERROR;
				CLANG_WARN_DOCUMENTATION_COMMENTS = YES;
				CLANG_WARN_EMPTY_BODY = YES;
				CLANG_WARN_ENUM_CONVERSION = YES;
				CLANG_WARN_INFINITE_RECURSION = YES;
				CLANG_WARN_INT_CONVERSION = YES;
				CLANG_WARN_NON_LITERAL_NULL_CONVERSION = YES;
				CLANG_WARN_OBJC_IMPLICIT_RETAIN_SELF = YES;
				CLANG_WARN_OBJC_LITERAL_CONVERSION = YES;
				CLANG_WARN_OBJC_ROOT_CLASS = YES_ERROR;
				CLANG_WARN_QUOTED_INCLUDE_IN_FRAMEWORK_HEADER = YES;
				CLANG_WARN_RANGE_LOOP_ANALYSIS = YES;
				CLANG_WARN_STRICT_PROTOTYPES = YES;
				CLANG_WARN_SUSPICIOUS_MOVE = YES;
				CLANG_WARN_UNGUARDED_AVAILABILITY = YES_AGGRESSIVE;
				CLANG_WARN_UNREACHABLE_CODE = YES;
				CLANG_WARN__DUPLICATE_METHOD_MATCH = YES;
				COPY_PHASE_STRIP = NO;
				DEBUG_INFORMATION_FORMAT = dwarf;
				ENABLE_STRICT_OBJC_MSGSEND = YES;
				ENABLE_TESTABILITY = YES;
				ENABLE_USER_SCRIPT_SANDBOXING = YES;
				GCC_C_LANGUAGE_STANDARD = gnu17;
				GCC_DYNAMIC_NO_PIC = NO;
				GCC_NO_COMMON_BLOCKS = YES;
				GCC_OPTIMIZATION_LEVEL = 0;
				GCC_PREPROCESSOR_DEFINITIONS = (
					"DEBUG=1",
					"$(inherited)",
				);
				GCC_WARN_64_TO_32_BIT_CONVERSION = YES;
				GCC_WARN_ABOUT_RETURN_TYPE = YES_ERROR;
				GCC_WARN_UNDECLARED_SELECTOR = YES;
				GCC_WARN_UNINITIALIZED_AUTOS = YES_AGGRESSIVE;
				GCC_WARN_UNUSED_FUNCTION = YES;
				GCC_WARN_UNUSED_VARIABLE = YES;
				IPHONEOS_DEPLOYMENT_TARGET = 17.5;
				LOCALIZATION_PREFERS_STRING_CATALOGS = YES;
				MTL_ENABLE_DEBUG_INFO = INCLUDE_SOURCE;
				MTL_FAST_MATH = YES;
				ONLY_ACTIVE_ARCH = YES;
				SDKROOT = iphoneos;
				SWIFT_ACTIVE_COMPILATION_CONDITIONS = "DEBUG $(inherited)";
				SWIFT_OPTIMIZATION_LEVEL = "-Onone";
			};
			name = Debug;
		};
		393C7DFF2BF93BDD00FF09D3 /* Release */ = {
			isa = XCBuildConfiguration;
			buildSettings = {
				ALWAYS_SEARCH_USER_PATHS = NO;
				ASSETCATALOG_COMPILER_GENERATE_SWIFT_ASSET_SYMBOL_EXTENSIONS = YES;
				CLANG_ANALYZER_NONNULL = YES;
				CLANG_ANALYZER_NUMBER_OBJECT_CONVERSION = YES_AGGRESSIVE;
				CLANG_CXX_LANGUAGE_STANDARD = "gnu++20";
				CLANG_ENABLE_MODULES = YES;
				CLANG_ENABLE_OBJC_ARC = YES;
				CLANG_ENABLE_OBJC_WEAK = YES;
				CLANG_WARN_BLOCK_CAPTURE_AUTORELEASING = YES;
				CLANG_WARN_BOOL_CONVERSION = YES;
				CLANG_WARN_COMMA = YES;
				CLANG_WARN_CONSTANT_CONVERSION = YES;
				CLANG_WARN_DEPRECATED_OBJC_IMPLEMENTATIONS = YES;
				CLANG_WARN_DIRECT_OBJC_ISA_USAGE = YES_ERROR;
				CLANG_WARN_DOCUMENTATION_COMMENTS = YES;
				CLANG_WARN_EMPTY_BODY = YES;
				CLANG_WARN_ENUM_CONVERSION = YES;
				CLANG_WARN_INFINITE_RECURSION = YES;
				CLANG_WARN_INT_CONVERSION = YES;
				CLANG_WARN_NON_LITERAL_NULL_CONVERSION = YES;
				CLANG_WARN_OBJC_IMPLICIT_RETAIN_SELF = YES;
				CLANG_WARN_OBJC_LITERAL_CONVERSION = YES;
				CLANG_WARN_OBJC_ROOT_CLASS = YES_ERROR;
				CLANG_WARN_QUOTED_INCLUDE_IN_FRAMEWORK_HEADER = YES;
				CLANG_WARN_RANGE_LOOP_ANALYSIS = YES;
				CLANG_WARN_STRICT_PROTOTYPES = YES;
				CLANG_WARN_SUSPICIOUS_MOVE = YES;
				CLANG_WARN_UNGUARDED_AVAILABILITY = YES_AGGRESSIVE;
				CLANG_WARN_UNREACHABLE_CODE = YES;
				CLANG_WARN__DUPLICATE_METHOD_MATCH = YES;
				COPY_PHASE_STRIP = NO;
				DEBUG_INFORMATION_FORMAT = "dwarf-with-dsym";
				ENABLE_NS_ASSERTIONS = NO;
				ENABLE_STRICT_OBJC_MSGSEND = YES;
				ENABLE_USER_SCRIPT_SANDBOXING = YES;
				GCC_C_LANGUAGE_STANDARD = gnu17;
				GCC_NO_COMMON_BLOCKS = YES;
				GCC_WARN_64_TO_32_BIT_CONVERSION = YES;
				GCC_WARN_ABOUT_RETURN_TYPE = YES_ERROR;
				GCC_WARN_UNDECLARED_SELECTOR = YES;
				GCC_WARN_UNINITIALIZED_AUTOS = YES_AGGRESSIVE;
				GCC_WARN_UNUSED_FUNCTION = YES;
				GCC_WARN_UNUSED_VARIABLE = YES;
				IPHONEOS_DEPLOYMENT_TARGET = 17.5;
				LOCALIZATION_PREFERS_STRING_CATALOGS = YES;
				MTL_ENABLE_DEBUG_INFO = NO;
				MTL_FAST_MATH = YES;
				SDKROOT = iphoneos;
				SWIFT_COMPILATION_MODE = wholemodule;
				VALIDATE_PRODUCT = YES;
			};
			name = Release;
		};
		393C7E012BF93BDD00FF09D3 /* Debug */ = {
			isa = XCBuildConfiguration;
			buildSettings = {
				ASSETCATALOG_COMPILER_APPICON_NAME = AppIcon;
				ASSETCATALOG_COMPILER_GLOBAL_ACCENT_COLOR_NAME = AccentColor;
				CODE_SIGN_STYLE = Automatic;
				CURRENT_PROJECT_VERSION = 1;
				DEVELOPMENT_ASSET_PATHS = "\"IbanScanner/Preview Content\"";
				DEVELOPMENT_TEAM = SAAQGFL8P6;
				ENABLE_PREVIEWS = YES;
				GENERATE_INFOPLIST_FILE = YES;
				INFOPLIST_KEY_UIApplicationSceneManifest_Generation = YES;
				INFOPLIST_KEY_UIApplicationSupportsIndirectInputEvents = YES;
				INFOPLIST_KEY_UILaunchScreen_Generation = YES;
				INFOPLIST_KEY_UISupportedInterfaceOrientations_iPad = "UIInterfaceOrientationPortrait UIInterfaceOrientationPortraitUpsideDown UIInterfaceOrientationLandscapeLeft UIInterfaceOrientationLandscapeRight";
				INFOPLIST_KEY_UISupportedInterfaceOrientations_iPhone = "UIInterfaceOrientationPortrait UIInterfaceOrientationLandscapeLeft UIInterfaceOrientationLandscapeRight";
				LD_RUNPATH_SEARCH_PATHS = (
					"$(inherited)",
					"@executable_path/Frameworks",
				);
				MARKETING_VERSION = 1.0;
				PRODUCT_BUNDLE_IDENTIFIER = come.hamzaelaidi.IbanScanner;
				PRODUCT_NAME = "$(TARGET_NAME)";
				SWIFT_EMIT_LOC_STRINGS = YES;
				SWIFT_VERSION = 5.0;
				TARGETED_DEVICE_FAMILY = "1,2";
			};
			name = Debug;
		};
		393C7E022BF93BDD00FF09D3 /* Release */ = {
			isa = XCBuildConfiguration;
			buildSettings = {
				ASSETCATALOG_COMPILER_APPICON_NAME = AppIcon;
				ASSETCATALOG_COMPILER_GLOBAL_ACCENT_COLOR_NAME = AccentColor;
				CODE_SIGN_STYLE = Automatic;
				CURRENT_PROJECT_VERSION = 1;
				DEVELOPMENT_ASSET_PATHS = "\"IbanScanner/Preview Content\"";
				DEVELOPMENT_TEAM = SAAQGFL8P6;
				ENABLE_PREVIEWS = YES;
				GENERATE_INFOPLIST_FILE = YES;
				INFOPLIST_KEY_UIApplicationSceneManifest_Generation = YES;
				INFOPLIST_KEY_UIApplicationSupportsIndirectInputEvents = YES;
				INFOPLIST_KEY_UILaunchScreen_Generation = YES;
				INFOPLIST_KEY_UISupportedInterfaceOrientations_iPad = "UIInterfaceOrientationPortrait UIInterfaceOrientationPortraitUpsideDown UIInterfaceOrientationLandscapeLeft UIInterfaceOrientationLandscapeRight";
				INFOPLIST_KEY_UISupportedInterfaceOrientations_iPhone = "UIInterfaceOrientationPortrait UIInterfaceOrientationLandscapeLeft UIInterfaceOrientationLandscapeRight";
				LD_RUNPATH_SEARCH_PATHS = (
					"$(inherited)",
					"@executable_path/Frameworks",
				);
				MARKETING_VERSION = 1.0;
				PRODUCT_BUNDLE_IDENTIFIER = come.hamzaelaidi.IbanScanner;
				PRODUCT_NAME = "$(TARGET_NAME)";
				SWIFT_EMIT_LOC_STRINGS = YES;
				SWIFT_VERSION = 5.0;
				TARGETED_DEVICE_FAMILY = "1,2";
			};
			name = Release;
		};
		393C7E042BF93BDD00FF09D3 /* Debug */ = {
			isa = XCBuildConfiguration;
			buildSettings = {
				ALWAYS_EMBED_SWIFT_STANDARD_LIBRARIES = YES;
				BUNDLE_LOADER = "$(TEST_HOST)";
				CODE_SIGN_STYLE = Automatic;
				CURRENT_PROJECT_VERSION = 1;
				DEVELOPMENT_TEAM = SAAQGFL8P6;
				GENERATE_INFOPLIST_FILE = YES;
				IPHONEOS_DEPLOYMENT_TARGET = 17.5;
				MARKETING_VERSION = 1.0;
				PRODUCT_BUNDLE_IDENTIFIER = come.hamzaelaidi.IbanScannerTests;
				PRODUCT_NAME = "$(TARGET_NAME)";
				SWIFT_EMIT_LOC_STRINGS = NO;
				SWIFT_VERSION = 5.0;
				TARGETED_DEVICE_FAMILY = "1,2";
				TEST_HOST = "$(BUILT_PRODUCTS_DIR)/IbanScanner.app/$(BUNDLE_EXECUTABLE_FOLDER_PATH)/IbanScanner";
			};
			name = Debug;
		};
		393C7E052BF93BDD00FF09D3 /* Release */ = {
			isa = XCBuildConfiguration;
			buildSettings = {
				ALWAYS_EMBED_SWIFT_STANDARD_LIBRARIES = YES;
				BUNDLE_LOADER = "$(TEST_HOST)";
				CODE_SIGN_STYLE = Automatic;
				CURRENT_PROJECT_VERSION = 1;
				DEVELOPMENT_TEAM = SAAQGFL8P6;
				GENERATE_INFOPLIST_FILE = YES;
				IPHONEOS_DEPLOYMENT_TARGET = 17.5;
				MARKETING_VERSION = 1.0;
				PRODUCT_BUNDLE_IDENTIFIER = come.hamzaelaidi.IbanScannerTests;
				PRODUCT_NAME = "$(TARGET_NAME)";
				SWIFT_EMIT_LOC_STRINGS = NO;
				SWIFT_VERSION = 5.0;
				TARGETED_DEVICE_FAMILY = "1,2";
				TEST_HOST = "$(BUILT_PRODUCTS_DIR)/IbanScanner.app/$(BUNDLE_EXECUTABLE_FOLDER_PATH)/IbanScanner";
			};
			name = Release;
		};
		393C7E072BF93BDD00FF09D3 /* Debug */ = {
			isa = XCBuildConfiguration;
			buildSettings = {
				ALWAYS_EMBED_SWIFT_STANDARD_LIBRARIES = YES;
				CODE_SIGN_STYLE = Automatic;
				CURRENT_PROJECT_VERSION = 1;
				DEVELOPMENT_TEAM = SAAQGFL8P6;
				GENERATE_INFOPLIST_FILE = YES;
				MARKETING_VERSION = 1.0;
				PRODUCT_BUNDLE_IDENTIFIER = come.hamzaelaidi.IbanScannerUITests;
				PRODUCT_NAME = "$(TARGET_NAME)";
				SWIFT_EMIT_LOC_STRINGS = NO;
				SWIFT_VERSION = 5.0;
				TARGETED_DEVICE_FAMILY = "1,2";
				TEST_TARGET_NAME = IbanScanner;
			};
			name = Debug;
		};
		393C7E082BF93BDD00FF09D3 /* Release */ = {
			isa = XCBuildConfiguration;
			buildSettings = {
				ALWAYS_EMBED_SWIFT_STANDARD_LIBRARIES = YES;
				CODE_SIGN_STYLE = Automatic;
				CURRENT_PROJECT_VERSION = 1;
				DEVELOPMENT_TEAM = SAAQGFL8P6;
				GENERATE_INFOPLIST_FILE = YES;
				MARKETING_VERSION = 1.0;
				PRODUCT_BUNDLE_IDENTIFIER = come.hamzaelaidi.IbanScannerUITests;
				PRODUCT_NAME = "$(TARGET_NAME)";
				SWIFT_EMIT_LOC_STRINGS = NO;
				SWIFT_VERSION = 5.0;
				TARGETED_DEVICE_FAMILY = "1,2";
				TEST_TARGET_NAME = IbanScanner;
			};
			name = Release;
		};
/* End XCBuildConfiguration section */

/* Begin XCConfigurationList section */
		393C7DD72BF93BDA00FF09D3 /* Build configuration list for PBXProject "IbanScanner" */ = {
			isa = XCConfigurationList;
			buildConfigurations = (
				393C7DFE2BF93BDD00FF09D3 /* Debug */,
				393C7DFF2BF93BDD00FF09D3 /* Release */,
			);
			defaultConfigurationIsVisible = 0;
			defaultConfigurationName = Release;
		};
		393C7E002BF93BDD00FF09D3 /* Build configuration list for PBXNativeTarget "IbanScanner" */ = {
			isa = XCConfigurationList;
			buildConfigurations = (
				393C7E012BF93BDD00FF09D3 /* Debug */,
				393C7E022BF93BDD00FF09D3 /* Release */,
			);
			defaultConfigurationIsVisible = 0;
			defaultConfigurationName = Release;
		};
		393C7E032BF93BDD00FF09D3 /* Build configuration list for PBXNativeTarget "IbanScannerTests" */ = {
			isa = XCConfigurationList;
			buildConfigurations = (
				393C7E042BF93BDD00FF09D3 /* Debug */,
				393C7E052BF93BDD00FF09D3 /* Release */,
			);
			defaultConfigurationIsVisible = 0;
			defaultConfigurationName = Release;
		};
		393C7E062BF93BDD00FF09D3 /* Build configuration list for PBXNativeTarget "IbanScannerUITests" */ = {
			isa = XCConfigurationList;
			buildConfigurations = (
				393C7E072BF93BDD00FF09D3 /* Debug */,
				393C7E082BF93BDD00FF09D3 /* Release */,
			);
			defaultConfigurationIsVisible = 0;
			defaultConfigurationName = Release;
		};
/* End XCConfigurationList section */
	};
	rootObject = 393C7DD42BF93BDA00FF09D3 /* Project object */;
}
